
Microsoft Visual Studio Solution File, Format Version 12.00
# Visual Studio Version 17
VisualStudioVersion = 17.7.34031.279
MinimumVisualStudioVersion = 10.0.40219.1
Project("{FAE04EC0-301F-11D3-BF4B-00C04F79EFBC}") = "ProductoApp1", "ProductoApp1\ProductoApp1.csproj", "{3310542B-1B28-4640-A9F3-96EF66351CA6}"
EndProject
Global
	GlobalSection(SolutionConfigurationPlatforms) = preSolution
		Debug|Any CPU = Debug|Any CPU
		Release|Any CPU = Release|Any CPU
	EndGlobalSection
	GlobalSection(ProjectConfigurationPlatforms) = postSolution
		{3310542B-1B28-4640-A9F3-96EF66351CA6}.Debug|Any CPU.ActiveCfg = Debug|Any CPU
		{3310542B-1B28-4640-A9F3-96EF66351CA6}.Debug|Any CPU.Build.0 = Debug|Any CPU
		{3310542B-1B28-4640-A9F3-96EF66351CA6}.Debug|Any CPU.Deploy.0 = Debug|Any CPU
		{3310542B-1B28-4640-A9F3-96EF66351CA6}.Release|Any CPU.ActiveCfg = Release|Any CPU
		{3310542B-1B28-4640-A9F3-96EF66351CA6}.Release|Any CPU.Build.0 = Release|Any CPU
		{3310542B-1B28-4640-A9F3-96EF66351CA6}.Release|Any CPU.Deploy.0 = Release|Any CPU
	EndGlobalSection
	GlobalSection(SolutionProperties) = preSolution
		HideSolutionNode = FALSE
	EndGlobalSection
	GlobalSection(ExtensibilityGlobals) = postSolution
		SolutionGuid = {6AEC6824-CC03-48A6-B4FA-CAC6D7B813F8}
	EndGlobalSection
EndGlobal
